
Microsoft Visual Studio Solution File, Format Version 12.00
# Visual Studio Version 17
VisualStudioVersion = 17.3.32825.248
MinimumVisualStudioVersion = 10.0.40219.1
Project("{FAE04EC0-301F-11D3-BF4B-00C04F79EFBC}") = "onlineShop", "onlineShop.csproj", "{49C0E765-10F0-4780-8F2D-F65BB83FE388}"
EndProject
Global
	GlobalSection(SolutionConfigurationPlatforms) = preSolution
		Debug|Any CPU = Debug|Any CPU
		Release|Any CPU = Release|Any CPU
	EndGlobalSection
	GlobalSection(ProjectConfigurationPlatforms) = postSolution
		{49C0E765-10F0-4780-8F2D-F65BB83FE388}.Debug|Any CPU.ActiveCfg = Debug|Any CPU
		{49C0E765-10F0-4780-8F2D-F65BB83FE388}.Debug|Any CPU.Build.0 = Debug|Any CPU
		{49C0E765-10F0-4780-8F2D-F65BB83FE388}.Release|Any CPU.ActiveCfg = Release|Any CPU
		{49C0E765-10F0-4780-8F2D-F65BB83FE388}.Release|Any CPU.Build.0 = Release|Any CPU
	EndGlobalSection
	GlobalSection(SolutionProperties) = preSolution
		HideSolutionNode = FALSE
	EndGlobalSection
	GlobalSection(ExtensibilityGlobals) = postSolution
		SolutionGuid = {50AB9FE5-78E4-4ED8-9173-62BFA145B2A6}
	EndGlobalSection
EndGlobal
